
Microsoft Visual Studio Solution File, Format Version 12.00
# Visual Studio Version 17
VisualStudioVersion = 17.14.36603.0
MinimumVisualStudioVersion = 10.0.40219.1
Project("{FAE04EC0-301F-11D3-BF4B-00C04F79EFBC}") = "AlanyaBusinessGuide", "AlanyaBusinessGuide\AlanyaBusinessGuide.csproj", "{F7DD7291-BEBE-436A-9ED9-D176BC310F55}"
EndProject
Global
	GlobalSection(SolutionConfigurationPlatforms) = preSolution
		Debug|Any CPU = Debug|Any CPU
		Release|Any CPU = Release|Any CPU
	EndGlobalSection
	GlobalSection(ProjectConfigurationPlatforms) = postSolution
		{F7DD7291-BEBE-436A-9ED9-D176BC310F55}.Debug|Any CPU.ActiveCfg = Debug|Any CPU
		{F7DD7291-BEBE-436A-9ED9-D176BC310F55}.Debug|Any CPU.Build.0 = Debug|Any CPU
		{F7DD7291-BEBE-436A-9ED9-D176BC310F55}.Release|Any CPU.ActiveCfg = Release|Any CPU
		{F7DD7291-BEBE-436A-9ED9-D176BC310F55}.Release|Any CPU.Build.0 = Release|Any CPU
	EndGlobalSection
	GlobalSection(SolutionProperties) = preSolution
		HideSolutionNode = FALSE
	EndGlobalSection
	GlobalSection(ExtensibilityGlobals) = postSolution
		SolutionGuid = {370EA0BD-9997-433B-AE11-FAA38160A78F}
	EndGlobalSection
EndGlobal
